github.com/khairulharu/go-say-hello v1.0.0 h1:QxQdjQJ3IOHK4K5pVoAZZY7ztG6ree1e3diJsYEfLXE=
github.com/khairulharu/go-say-hello v1.0.0/go.mod h1:AMqc7nm1/W46BmO9QsY5dj5gVFEgJrG9nSS50yrFnjw=
github.com/khairulharu/go-say-hello/v3 v3.0.0 h1:K9L/BIHVMOHt+nqYYflqutK0Wqjz27rziA7vEbyEIoU=
github.com/khairulharu/go-say-hello/v3 v3.0.0/go.mod h1:xCntdCFpTqUgSy/ui0oyDDrBEyzE8gSuXKhOlOe/Y/g=
github.com/khairulharu/go-say-hello/v3 v3.1.0 h1:eISunHn6NSg3CrmQCBSAt03jJx+kwDZmyaQSBEQxCA4=
github.com/khairulharu/go-say-hello/v3 v3.1.0/go.mod h1:xCntdCFpTqUgSy/ui0oyDDrBEyzE8gSuXKhOlOe/Y/g=
